{
  "name": "50-HTML-CSS-JS-Projects-in-50-Days",
  "lockfileVersion": 2,
  "requires": true,
  "packages": {
    "": {
      "dependencies": {
        "lottie-web": "^5.7.5"
      }
    },
    "node_modules/lottie-web": {
      "version": "5.7.5",
      "resolved": "https://registry.npmjs.org/lottie-web/-/lottie-web-5.7.5.tgz",
      "integrity": "sha512-jXgxG5od5F1QkTItb8wMej3aFEQ+tg95jma33GBDn1K3kRfy9zXXG+F62B440wphCdwY5sjg6h6664L5dvnuWw=="
    }
  },
  "dependencies": {
    "lottie-web": {
      "version": "5.7.5",
      "resolved": "https://registry.npmjs.org/lottie-web/-/lottie-web-5.7.5.tgz",
      "integrity": "sha512-jXgxG5od5F1QkTItb8wMej3aFEQ+tg95jma33GBDn1K3kRfy9zXXG+F62B440wphCdwY5sjg6h6664L5dvnuWw=="
    }
  }
}
